
Microsoft Visual Studio Solution File, Format Version 9.00
# Visual Studio 2005
Project("{8BC9CEB8-8B4A-11D0-8D11-00A0C91BC942}") = "Robot_Control", "Robot_Control\Robot_Control.vcproj", "{FA3E89B2-C1A7-4BED-B42D-D91A87EBFBA2}"
EndProject
Global
	GlobalSection(SolutionConfigurationPlatforms) = preSolution
		Debug|Win32 = Debug|Win32
		Release|Win32 = Release|Win32
	EndGlobalSection
	GlobalSection(ProjectConfigurationPlatforms) = postSolution
		{FA3E89B2-C1A7-4BED-B42D-D91A87EBFBA2}.Debug|Win32.ActiveCfg = Debug|Win32
		{FA3E89B2-C1A7-4BED-B42D-D91A87EBFBA2}.Debug|Win32.Build.0 = Debug|Win32
		{FA3E89B2-C1A7-4BED-B42D-D91A87EBFBA2}.Release|Win32.ActiveCfg = Release|Win32
		{FA3E89B2-C1A7-4BED-B42D-D91A87EBFBA2}.Release|Win32.Build.0 = Release|Win32
	EndGlobalSection
	GlobalSection(SolutionProperties) = preSolution
		HideSolutionNode = FALSE
	EndGlobalSection
EndGlobal
